// !$*UTF8*$!
{
	archiveVersion = 1;
	classes = {
	};
	objectVersion = 50;
	objects = {

/* Begin PBXBuildFile section */
		393D4C9330485504721540FA /* Pods_ASE_iOS.framework in Frameworks */ = {isa = PBXBuildFile; fileRef = D812B3E38C30908B7B490F33 /* Pods_ASE_iOS.framework */; };
		A934756C219DCE2600B28051 /* TableViewController.swift in Sources */ = {isa = PBXBuildFile; fileRef = A934756B219DCE2600B28051 /* TableViewController.swift */; };
		A93B0733219CD88000B4F212 /* style.json in Resources */ = {isa = PBXBuildFile; fileRef = A93B0732219CD88000B4F212 /* style.json */; };
		A96D15E0218714EB00CF96A2 /* SignUp.storyboard in Resources */ = {isa = PBXBuildFile; fileRef = A96D15DF218714EB00CF96A2 /* SignUp.storyboard */; };
		A96D15E22187151100CF96A2 /* LogIn.storyboard in Resources */ = {isa = PBXBuildFile; fileRef = A96D15E12187151100CF96A2 /* LogIn.storyboard */; };
		A9CE617F2187D14F003120EF /* MapViewController.swift in Sources */ = {isa = PBXBuildFile; fileRef = A9CE617E2187D14F003120EF /* MapViewController.swift */; };
		A9CE61812187D19B003120EF /* LogInViewController.swift in Sources */ = {isa = PBXBuildFile; fileRef = A9CE61802187D19B003120EF /* LogInViewController.swift */; };
		A9CE61832187D1AD003120EF /* SignUpViewController.swift in Sources */ = {isa = PBXBuildFile; fileRef = A9CE61822187D1AD003120EF /* SignUpViewController.swift */; };
		A9CE618521886F59003120EF /* Map.storyboard in Resources */ = {isa = PBXBuildFile; fileRef = A9CE618421886F59003120EF /* Map.storyboard */; };
		A9F9FECE2199CC50008FCE0C /* MockJson.swift in Sources */ = {isa = PBXBuildFile; fileRef = A9F9FECD2199CC50008FCE0C /* MockJson.swift */; };
		A9F9FED02199D097008FCE0C /* PostCode.swift in Sources */ = {isa = PBXBuildFile; fileRef = A9F9FECF2199D097008FCE0C /* PostCode.swift */; };
		A9F9FED22199D4EF008FCE0C /* PlaceMarker.swift in Sources */ = {isa = PBXBuildFile; fileRef = A9F9FED12199D4EF008FCE0C /* PlaceMarker.swift */; };
		A9F9FED42199D66F008FCE0C /* MarkerInfoView.xib in Resources */ = {isa = PBXBuildFile; fileRef = A9F9FED32199D66F008FCE0C /* MarkerInfoView.xib */; };
		A9F9FED62199D692008FCE0C /* MarkerInfoView.swift in Sources */ = {isa = PBXBuildFile; fileRef = A9F9FED52199D692008FCE0C /* MarkerInfoView.swift */; };
		FB38D780218923DD00DE884A /* ColorSingleton.swift in Sources */ = {isa = PBXBuildFile; fileRef = FB38D77F218923DD00DE884A /* ColorSingleton.swift */; };
		FB60A4C7219F332E0026C7ED /* Constants.swift in Sources */ = {isa = PBXBuildFile; fileRef = FB60A4C6219F332E0026C7ED /* Constants.swift */; };
		FB6BCD5D21712ABB00778AC4 /* User.swift in Sources */ = {isa = PBXBuildFile; fileRef = FB6BCD5C21712ABB00778AC4 /* User.swift */; };
		FB6BCD5F21712B7D00778AC4 /* Extensions.swift in Sources */ = {isa = PBXBuildFile; fileRef = FB6BCD5E21712B7D00778AC4 /* Extensions.swift */; };
		FB77E0D921833139008A9448 /* GoogleService-Info.plist in Resources */ = {isa = PBXBuildFile; fileRef = FB77E0D821833139008A9448 /* GoogleService-Info.plist */; };
		FBCB459F216FBD5F00089508 /* AppDelegate.swift in Sources */ = {isa = PBXBuildFile; fileRef = FBCB459E216FBD5F00089508 /* AppDelegate.swift */; };
		FBCB45A1216FBD5F00089508 /* ViewController.swift in Sources */ = {isa = PBXBuildFile; fileRef = FBCB45A0216FBD5F00089508 /* ViewController.swift */; };
		FBCB45A4216FBD5F00089508 /* Main.storyboard in Resources */ = {isa = PBXBuildFile; fileRef = FBCB45A2216FBD5F00089508 /* Main.storyboard */; };
		FBCB45A6216FBD6100089508 /* Assets.xcassets in Resources */ = {isa = PBXBuildFile; fileRef = FBCB45A5216FBD6100089508 /* Assets.xcassets */; };
		FBCB45A9216FBD6100089508 /* LaunchScreen.storyboard in Resources */ = {isa = PBXBuildFile; fileRef = FBCB45A7216FBD6100089508 /* LaunchScreen.storyboard */; };
/* End PBXBuildFile section */

/* Begin PBXFileReference section */
		76156A0F5791993D2FA8BB8F /* Pods-ASE_iOS.debug.xcconfig */ = {isa = PBXFileReference; includeInIndex = 1; lastKnownFileType = text.xcconfig; name = "Pods-ASE_iOS.debug.xcconfig"; path = "Pods/Target Support Files/Pods-ASE_iOS/Pods-ASE_iOS.debug.xcconfig"; sourceTree = "<group>"; };
		90C521729CB937294CF3C987 /* Pods-ASE_iOS.release.xcconfig */ = {isa = PBXFileReference; includeInIndex = 1; lastKnownFileType = text.xcconfig; name = "Pods-ASE_iOS.release.xcconfig"; path = "Pods/Target Support Files/Pods-ASE_iOS/Pods-ASE_iOS.release.xcconfig"; sourceTree = "<group>"; };
		A934756B219DCE2600B28051 /* TableViewController.swift */ = {isa = PBXFileReference; lastKnownFileType = sourcecode.swift; path = TableViewController.swift; sourceTree = "<group>"; };
		A93B0732219CD88000B4F212 /* style.json */ = {isa = PBXFileReference; lastKnownFileType = text.json; path = style.json; sourceTree = "<group>"; };
		A96D15DF218714EB00CF96A2 /* SignUp.storyboard */ = {isa = PBXFileReference; lastKnownFileType = file.storyboard; path = SignUp.storyboard; sourceTree = "<group>"; };
		A96D15E12187151100CF96A2 /* LogIn.storyboard */ = {isa = PBXFileReference; lastKnownFileType = file.storyboard; path = LogIn.storyboard; sourceTree = "<group>"; };
		A9CE617E2187D14F003120EF /* MapViewController.swift */ = {isa = PBXFileReference; lastKnownFileType = sourcecode.swift; path = MapViewController.swift; sourceTree = "<group>"; };
		A9CE61802187D19B003120EF /* LogInViewController.swift */ = {isa = PBXFileReference; lastKnownFileType = sourcecode.swift; path = LogInViewController.swift; sourceTree = "<group>"; };
		A9CE61822187D1AD003120EF /* SignUpViewController.swift */ = {isa = PBXFileReference; lastKnownFileType = sourcecode.swift; path = SignUpViewController.swift; sourceTree = "<group>"; };
		A9CE618421886F59003120EF /* Map.storyboard */ = {isa = PBXFileReference; lastKnownFileType = file.storyboard; path = Map.storyboard; sourceTree = "<group>"; };
		A9F9FECD2199CC50008FCE0C /* MockJson.swift */ = {isa = PBXFileReference; lastKnownFileType = sourcecode.swift; path = MockJson.swift; sourceTree = "<group>"; };
		A9F9FECF2199D097008FCE0C /* PostCode.swift */ = {isa = PBXFileReference; lastKnownFileType = sourcecode.swift; path = PostCode.swift; sourceTree = "<group>"; };
		A9F9FED12199D4EF008FCE0C /* PlaceMarker.swift */ = {isa = PBXFileReference; lastKnownFileType = sourcecode.swift; path = PlaceMarker.swift; sourceTree = "<group>"; };
		A9F9FED32199D66F008FCE0C /* MarkerInfoView.xib */ = {isa = PBXFileReference; lastKnownFileType = file.xib; path = MarkerInfoView.xib; sourceTree = "<group>"; };
		A9F9FED52199D692008FCE0C /* MarkerInfoView.swift */ = {isa = PBXFileReference; lastKnownFileType = sourcecode.swift; path = MarkerInfoView.swift; sourceTree = "<group>"; };
		D812B3E38C30908B7B490F33 /* Pods_ASE_iOS.framework */ = {isa = PBXFileReference; explicitFileType = wrapper.framework; includeInIndex = 0; path = Pods_ASE_iOS.framework; sourceTree = BUILT_PRODUCTS_DIR; };
		FB38D77F218923DD00DE884A /* ColorSingleton.swift */ = {isa = PBXFileReference; lastKnownFileType = sourcecode.swift; path = ColorSingleton.swift; sourceTree = "<group>"; };
		FB60A4C6219F332E0026C7ED /* Constants.swift */ = {isa = PBXFileReference; fileEncoding = 4; lastKnownFileType = sourcecode.swift; path = Constants.swift; sourceTree = "<group>"; };
		FB6BCD5C21712ABB00778AC4 /* User.swift */ = {isa = PBXFileReference; lastKnownFileType = sourcecode.swift; path = User.swift; sourceTree = "<group>"; };
		FB6BCD5E21712B7D00778AC4 /* Extensions.swift */ = {isa = PBXFileReference; lastKnownFileType = sourcecode.swift; path = Extensions.swift; sourceTree = "<group>"; };
		FB77E0D821833139008A9448 /* GoogleService-Info.plist */ = {isa = PBXFileReference; fileEncoding = 4; lastKnownFileType = text.plist.xml; path = "GoogleService-Info.plist"; sourceTree = "<group>"; };
		FBCB459B216FBD5F00089508 /* ASE_iOS.app */ = {isa = PBXFileReference; explicitFileType = wrapper.application; includeInIndex = 0; path = ASE_iOS.app; sourceTree = BUILT_PRODUCTS_DIR; };
		FBCB459E216FBD5F00089508 /* AppDelegate.swift */ = {isa = PBXFileReference; lastKnownFileType = sourcecode.swift; path = AppDelegate.swift; sourceTree = "<group>"; };
		FBCB45A0216FBD5F00089508 /* ViewController.swift */ = {isa = PBXFileReference; lastKnownFileType = sourcecode.swift; path = ViewController.swift; sourceTree = "<group>"; };
		FBCB45A3216FBD5F00089508 /* Base */ = {isa = PBXFileReference; lastKnownFileType = file.storyboard; name = Base; path = Base.lproj/Main.storyboard; sourceTree = "<group>"; };
		FBCB45A5216FBD6100089508 /* Assets.xcassets */ = {isa = PBXFileReference; lastKnownFileType = folder.assetcatalog; path = Assets.xcassets; sourceTree = "<group>"; };
		FBCB45A8216FBD6100089508 /* Base */ = {isa = PBXFileReference; lastKnownFileType = file.storyboard; name = Base; path = Base.lproj/LaunchScreen.storyboard; sourceTree = "<group>"; };
		FBCB45AA216FBD6100089508 /* Info.plist */ = {isa = PBXFileReference; lastKnownFileType = text.plist.xml; path = Info.plist; sourceTree = "<group>"; };
/* End PBXFileReference section */

/* Begin PBXFrameworksBuildPhase section */
		FBCB4598216FBD5F00089508 /* Frameworks */ = {
			isa = PBXFrameworksBuildPhase;
			buildActionMask = 2147483647;
			files = (
				393D4C9330485504721540FA /* Pods_ASE_iOS.framework in Frameworks */,
			);
			runOnlyForDeploymentPostprocessing = 0;
		};
/* End PBXFrameworksBuildPhase section */

/* Begin PBXGroup section */
		56818594E7A84EDC0E53875D /* Frameworks */ = {
			isa = PBXGroup;
			children = (
				D812B3E38C30908B7B490F33 /* Pods_ASE_iOS.framework */,
			);
			name = Frameworks;
			sourceTree = "<group>";
		};
		D21FD0DB0B98D2F5A23C0BE3 /* Pods */ = {
			isa = PBXGroup;
			children = (
				76156A0F5791993D2FA8BB8F /* Pods-ASE_iOS.debug.xcconfig */,
				90C521729CB937294CF3C987 /* Pods-ASE_iOS.release.xcconfig */,
			);
			name = Pods;
			sourceTree = "<group>";
		};
		FB38D77D2188F47500DE884A /* Controllers */ = {
			isa = PBXGroup;
			children = (
				FBCB45A0216FBD5F00089508 /* ViewController.swift */,
				A9CE617E2187D14F003120EF /* MapViewController.swift */,
				A9CE61802187D19B003120EF /* LogInViewController.swift */,
				A9CE61822187D1AD003120EF /* SignUpViewController.swift */,
				A934756B219DCE2600B28051 /* TableViewController.swift */,
			);
			path = Controllers;
			sourceTree = "<group>";
		};
		FB38D77E2188F48400DE884A /* Storyboards */ = {
			isa = PBXGroup;
			children = (
			);
			path = Storyboards;
			sourceTree = "<group>";
		};
		FBCB4592216FBD5E00089508 = {
			isa = PBXGroup;
			children = (
				FBCB459D216FBD5F00089508 /* ASE_iOS */,
				FBCB459C216FBD5F00089508 /* Products */,
				D21FD0DB0B98D2F5A23C0BE3 /* Pods */,
				56818594E7A84EDC0E53875D /* Frameworks */,
			);
			sourceTree = "<group>";
		};
		FBCB459C216FBD5F00089508 /* Products */ = {
			isa = PBXGroup;
			children = (
				FBCB459B216FBD5F00089508 /* ASE_iOS.app */,
			);
			name = Products;
			sourceTree = "<group>";
		};
		FBCB459D216FBD5F00089508 /* ASE_iOS */ = {
			isa = PBXGroup;
			children = (
				FBCB459E216FBD5F00089508 /* AppDelegate.swift */,
				FB38D77D2188F47500DE884A /* Controllers */,
				FB38D77E2188F48400DE884A /* Storyboards */,
				FB6BCD5C21712ABB00778AC4 /* User.swift */,
				A96D15E12187151100CF96A2 /* LogIn.storyboard */,
				FBCB45A2216FBD5F00089508 /* Main.storyboard */,
				A9CE618421886F59003120EF /* Map.storyboard */,
				FBCB45A7216FBD6100089508 /* LaunchScreen.storyboard */,
				A96D15DF218714EB00CF96A2 /* SignUp.storyboard */,
				FB6BCD5E21712B7D00778AC4 /* Extensions.swift */,
				FBCB45A5216FBD6100089508 /* Assets.xcassets */,
				FB77E0D821833139008A9448 /* GoogleService-Info.plist */,
				FBCB45AA216FBD6100089508 /* Info.plist */,
				FB38D77F218923DD00DE884A /* ColorSingleton.swift */,
				A9F9FECD2199CC50008FCE0C /* MockJson.swift */,
				A9F9FECF2199D097008FCE0C /* PostCode.swift */,
				A9F9FED12199D4EF008FCE0C /* PlaceMarker.swift */,
				A9F9FED32199D66F008FCE0C /* MarkerInfoView.xib */,
				A9F9FED52199D692008FCE0C /* MarkerInfoView.swift */,
				FB60A4C6219F332E0026C7ED /* Constants.swift */,
				A93B0732219CD88000B4F212 /* style.json */,
			);
			path = ASE_iOS;
			sourceTree = "<group>";
		};
/* End PBXGroup section */

/* Begin PBXNativeTarget section */
		FBCB459A216FBD5F00089508 /* ASE_iOS */ = {
			isa = PBXNativeTarget;
			buildConfigurationList = FBCB45AD216FBD6100089508 /* Build configuration list for PBXNativeTarget "ASE_iOS" */;
			buildPhases = (
				9AC55C10598819885C5CF42B /* [CP] Check Pods Manifest.lock */,
				FBCB4597216FBD5F00089508 /* Sources */,
				FBCB4598216FBD5F00089508 /* Frameworks */,
				FBCB4599216FBD5F00089508 /* Resources */,
				39A14C11F68D8D4A831E3F73 /* [CP] Embed Pods Frameworks */,
				7936A0FC30789D0EA2E113CF /* [CP] Copy Pods Resources */,
			);
			buildRules = (
			);
			dependencies = (
			);
			name = ASE_iOS;
			productName = ASE_iOS;
			productReference = FBCB459B216FBD5F00089508 /* ASE_iOS.app */;
			productType = "com.apple.product-type.application";
		};
/* End PBXNativeTarget section */

/* Begin PBXProject section */
		FBCB4593216FBD5E00089508 /* Project object */ = {
			isa = PBXProject;
			attributes = {
				LastSwiftUpdateCheck = 1000;
				LastUpgradeCheck = 1000;
				ORGANIZATIONNAME = "Emre HAVAN";
				TargetAttributes = {
					FBCB459A216FBD5F00089508 = {
						CreatedOnToolsVersion = 10.0;
					};
				};
			};
			buildConfigurationList = FBCB4596216FBD5F00089508 /* Build configuration list for PBXProject "ASE_iOS" */;
			compatibilityVersion = "Xcode 9.3";
			developmentRegion = en;
			hasScannedForEncodings = 0;
			knownRegions = (
				en,
				Base,
			);
			mainGroup = FBCB4592216FBD5E00089508;
			productRefGroup = FBCB459C216FBD5F00089508 /* Products */;
			projectDirPath = "";
			projectRoot = "";
			targets = (
				FBCB459A216FBD5F00089508 /* ASE_iOS */,
			);
		};
/* End PBXProject section */

/* Begin PBXResourcesBuildPhase section */
		FBCB4599216FBD5F00089508 /* Resources */ = {
			isa = PBXResourcesBuildPhase;
			buildActionMask = 2147483647;
			files = (
				A93B0733219CD88000B4F212 /* style.json in Resources */,
				FBCB45A9216FBD6100089508 /* LaunchScreen.storyboard in Resources */,
				A9CE618521886F59003120EF /* Map.storyboard in Resources */,
				FB77E0D921833139008A9448 /* GoogleService-Info.plist in Resources */,
				FBCB45A6216FBD6100089508 /* Assets.xcassets in Resources */,
				A9F9FED42199D66F008FCE0C /* MarkerInfoView.xib in Resources */,
				FBCB45A4216FBD5F00089508 /* Main.storyboard in Resources */,
				A96D15E22187151100CF96A2 /* LogIn.storyboard in Resources */,
				A96D15E0218714EB00CF96A2 /* SignUp.storyboard in Resources */,
			);
			runOnlyForDeploymentPostprocessing = 0;
		};
/* End PBXResourcesBuildPhase section */

/* Begin PBXShellScriptBuildPhase section */
		39A14C11F68D8D4A831E3F73 /* [CP] Embed Pods Frameworks */ = {
			isa = PBXShellScriptBuildPhase;
			buildActionMask = 2147483647;
			files = (
			);
			inputFileListPaths = (
			);
			inputPaths = (
				"${SRCROOT}/Pods/Target Support Files/Pods-ASE_iOS/Pods-ASE_iOS-frameworks.sh",
				"${BUILT_PRODUCTS_DIR}/GTMSessionFetcher/GTMSessionFetcher.framework",
				"${BUILT_PRODUCTS_DIR}/GoogleUtilities/GoogleUtilities.framework",
				"${BUILT_PRODUCTS_DIR}/leveldb-library/leveldb.framework",
				"${BUILT_PRODUCTS_DIR}/nanopb/nanopb.framework",
			);
			name = "[CP] Embed Pods Frameworks";
			outputFileListPaths = (
			);
			outputPaths = (
				"${TARGET_BUILD_DIR}/${FRAMEWORKS_FOLDER_PATH}/GTMSessionFetcher.framework",
				"${TARGET_BUILD_DIR}/${FRAMEWORKS_FOLDER_PATH}/GoogleUtilities.framework",
				"${TARGET_BUILD_DIR}/${FRAMEWORKS_FOLDER_PATH}/leveldb.framework",
				"${TARGET_BUILD_DIR}/${FRAMEWORKS_FOLDER_PATH}/nanopb.framework",
			);
			runOnlyForDeploymentPostprocessing = 0;
			shellPath = /bin/sh;
			shellScript = "\"${SRCROOT}/Pods/Target Support Files/Pods-ASE_iOS/Pods-ASE_iOS-frameworks.sh\"\n";
			showEnvVarsInLog = 0;
		};
		7936A0FC30789D0EA2E113CF /* [CP] Copy Pods Resources */ = {
			isa = PBXShellScriptBuildPhase;
			buildActionMask = 2147483647;
			files = (
			);
			inputFileListPaths = (
			);
			inputPaths = (
				"${SRCROOT}/Pods/Target Support Files/Pods-ASE_iOS/Pods-ASE_iOS-resources.sh",
				"${PODS_ROOT}/GoogleMaps/Maps/Frameworks/GoogleMaps.framework/Resources/GoogleMaps.bundle",
			);
			name = "[CP] Copy Pods Resources";
			outputFileListPaths = (
			);
			outputPaths = (
				"${TARGET_BUILD_DIR}/${UNLOCALIZED_RESOURCES_FOLDER_PATH}/GoogleMaps.bundle",
			);
			runOnlyForDeploymentPostprocessing = 0;
			shellPath = /bin/sh;
			shellScript = "\"${SRCROOT}/Pods/Target Support Files/Pods-ASE_iOS/Pods-ASE_iOS-resources.sh\"\n";
			showEnvVarsInLog = 0;
		};
		9AC55C10598819885C5CF42B /* [CP] Check Pods Manifest.lock */ = {
			isa = PBXShellScriptBuildPhase;
			buildActionMask = 2147483647;
			files = (
			);
			inputFileListPaths = (
			);
			inputPaths = (
				"${PODS_PODFILE_DIR_PATH}/Podfile.lock",
				"${PODS_ROOT}/Manifest.lock",
			);
			name = "[CP] Check Pods Manifest.lock";
			outputFileListPaths = (
			);
			outputPaths = (
				"$(DERIVED_FILE_DIR)/Pods-ASE_iOS-checkManifestLockResult.txt",
			);
			runOnlyForDeploymentPostprocessing = 0;
			shellPath = /bin/sh;
			shellScript = "diff \"${PODS_PODFILE_DIR_PATH}/Podfile.lock\" \"${PODS_ROOT}/Manifest.lock\" > /dev/null\nif [ $? != 0 ] ; then\n    # print error to STDERR\n    echo \"error: The sandbox is not in sync with the Podfile.lock. Run 'pod install' or update your CocoaPods installation.\" >&2\n    exit 1\nfi\n# This output is used by Xcode 'outputs' to avoid re-running this script phase.\necho \"SUCCESS\" > \"${SCRIPT_OUTPUT_FILE_0}\"\n";
			showEnvVarsInLog = 0;
		};
/* End PBXShellScriptBuildPhase section */

/* Begin PBXSourcesBuildPhase section */
		FBCB4597216FBD5F00089508 /* Sources */ = {
			isa = PBXSourcesBuildPhase;
			buildActionMask = 2147483647;
			files = (
				A9F9FECE2199CC50008FCE0C /* MockJson.swift in Sources */,
				A934756C219DCE2600B28051 /* TableViewController.swift in Sources */,
				FBCB45A1216FBD5F00089508 /* ViewController.swift in Sources */,
				A9F9FED22199D4EF008FCE0C /* PlaceMarker.swift in Sources */,
				A9F9FED02199D097008FCE0C /* PostCode.swift in Sources */,
				A9F9FED62199D692008FCE0C /* MarkerInfoView.swift in Sources */,
				FB38D780218923DD00DE884A /* ColorSingleton.swift in Sources */,
				A9CE61832187D1AD003120EF /* SignUpViewController.swift in Sources */,
				FBCB459F216FBD5F00089508 /* AppDelegate.swift in Sources */,
				A9CE61812187D19B003120EF /* LogInViewController.swift in Sources */,
				FB6BCD5D21712ABB00778AC4 /* User.swift in Sources */,
				FB60A4C7219F332E0026C7ED /* Constants.swift in Sources */,
				A9CE617F2187D14F003120EF /* MapViewController.swift in Sources */,
				FB6BCD5F21712B7D00778AC4 /* Extensions.swift in Sources */,
			);
			runOnlyForDeploymentPostprocessing = 0;
		};
/* End PBXSourcesBuildPhase section */

/* Begin PBXVariantGroup section */
		FBCB45A2216FBD5F00089508 /* Main.storyboard */ = {
			isa = PBXVariantGroup;
			children = (
				FBCB45A3216FBD5F00089508 /* Base */,
			);
			name = Main.storyboard;
			sourceTree = "<group>";
		};
		FBCB45A7216FBD6100089508 /* LaunchScreen.storyboard */ = {
			isa = PBXVariantGroup;
			children = (
				FBCB45A8216FBD6100089508 /* Base */,
			);
			name = LaunchScreen.storyboard;
			sourceTree = "<group>";
		};
/* End PBXVariantGroup section */

/* Begin XCBuildConfiguration section */
		FBCB45AB216FBD6100089508 /* Debug */ = {
			isa = XCBuildConfiguration;
			buildSettings = {
				ALWAYS_SEARCH_USER_PATHS = NO;
				CLANG_ANALYZER_NONNULL = YES;
				CLANG_ANALYZER_NUMBER_OBJECT_CONVERSION = YES_AGGRESSIVE;
				CLANG_CXX_LANGUAGE_STANDARD = "gnu++14";
				CLANG_CXX_LIBRARY = "libc++";
				CLANG_ENABLE_MODULES = YES;
				CLANG_ENABLE_OBJC_ARC = YES;
				CLANG_ENABLE_OBJC_WEAK = YES;
				CLANG_WARN_BLOCK_CAPTURE_AUTORELEASING = YES;
				CLANG_WARN_BOOL_CONVERSION = YES;
				CLANG_WARN_COMMA = YES;
				CLANG_WARN_CONSTANT_CONVERSION = YES;
				CLANG_WARN_DEPRECATED_OBJC_IMPLEMENTATIONS = YES;
				CLANG_WARN_DIRECT_OBJC_ISA_USAGE = YES_ERROR;
				CLANG_WARN_DOCUMENTATION_COMMENTS = YES;
				CLANG_WARN_EMPTY_BODY = YES;
				CLANG_WARN_ENUM_CONVERSION = YES;
				CLANG_WARN_INFINITE_RECURSION = YES;
				CLANG_WARN_INT_CONVERSION = YES;
				CLANG_WARN_NON_LITERAL_NULL_CONVERSION = YES;
				CLANG_WARN_OBJC_IMPLICIT_RETAIN_SELF = YES;
				CLANG_WARN_OBJC_LITERAL_CONVERSION = YES;
				CLANG_WARN_OBJC_ROOT_CLASS = YES_ERROR;
				CLANG_WARN_RANGE_LOOP_ANALYSIS = YES;
				CLANG_WARN_STRICT_PROTOTYPES = YES;
				CLANG_WARN_SUSPICIOUS_MOVE = YES;
				CLANG_WARN_UNGUARDED_AVAILABILITY = YES_AGGRESSIVE;
				CLANG_WARN_UNREACHABLE_CODE = YES;
				CLANG_WARN__DUPLICATE_METHOD_MATCH = YES;
				CODE_SIGN_IDENTITY = "iPhone Developer";
				COPY_PHASE_STRIP = NO;
				DEBUG_INFORMATION_FORMAT = dwarf;
				ENABLE_STRICT_OBJC_MSGSEND = YES;
				ENABLE_TESTABILITY = YES;
				GCC_C_LANGUAGE_STANDARD = gnu11;
				GCC_DYNAMIC_NO_PIC = NO;
				GCC_NO_COMMON_BLOCKS = YES;
				GCC_OPTIMIZATION_LEVEL = 0;
				GCC_PREPROCESSOR_DEFINITIONS = (
					"DEBUG=1",
					"$(inherited)",
				);
				GCC_WARN_64_TO_32_BIT_CONVERSION = YES;
				GCC_WARN_ABOUT_RETURN_TYPE = YES_ERROR;
				GCC_WARN_UNDECLARED_SELECTOR = YES;
				GCC_WARN_UNINITIALIZED_AUTOS = YES_AGGRESSIVE;
				GCC_WARN_UNUSED_FUNCTION = YES;
				GCC_WARN_UNUSED_VARIABLE = YES;
				IPHONEOS_DEPLOYMENT_TARGET = 12.0;
				MTL_ENABLE_DEBUG_INFO = INCLUDE_SOURCE;
				MTL_FAST_MATH = YES;
				ONLY_ACTIVE_ARCH = YES;
				SDKROOT = iphoneos;
				SWIFT_ACTIVE_COMPILATION_CONDITIONS = DEBUG;
				SWIFT_OPTIMIZATION_LEVEL = "-Onone";
			};
			name = Debug;
		};
		FBCB45AC216FBD6100089508 /* Release */ = {
			isa = XCBuildConfiguration;
			buildSettings = {
				ALWAYS_SEARCH_USER_PATHS = NO;
				CLANG_ANALYZER_NONNULL = YES;
				CLANG_ANALYZER_NUMBER_OBJECT_CONVERSION = YES_AGGRESSIVE;
				CLANG_CXX_LANGUAGE_STANDARD = "gnu++14";
				CLANG_CXX_LIBRARY = "libc++";
				CLANG_ENABLE_MODULES = YES;
				CLANG_ENABLE_OBJC_ARC = YES;
				CLANG_ENABLE_OBJC_WEAK = YES;
				CLANG_WARN_BLOCK_CAPTURE_AUTORELEASING = YES;
				CLANG_WARN_BOOL_CONVERSION = YES;
				CLANG_WARN_COMMA = YES;
				CLANG_WARN_CONSTANT_CONVERSION = YES;
				CLANG_WARN_DEPRECATED_OBJC_IMPLEMENTATIONS = YES;
				CLANG_WARN_DIRECT_OBJC_ISA_USAGE = YES_ERROR;
				CLANG_WARN_DOCUMENTATION_COMMENTS = YES;
				CLANG_WARN_EMPTY_BODY = YES;
				CLANG_WARN_ENUM_CONVERSION = YES;
				CLANG_WARN_INFINITE_RECURSION = YES;
				CLANG_WARN_INT_CONVERSION = YES;
				CLANG_WARN_NON_LITERAL_NULL_CONVERSION = YES;
				CLANG_WARN_OBJC_IMPLICIT_RETAIN_SELF = YES;
				CLANG_WARN_OBJC_LITERAL_CONVERSION = YES;
				CLANG_WARN_OBJC_ROOT_CLASS = YES_ERROR;
				CLANG_WARN_RANGE_LOOP_ANALYSIS = YES;
				CLANG_WARN_STRICT_PROTOTYPES = YES;
				CLANG_WARN_SUSPICIOUS_MOVE = YES;
				CLANG_WARN_UNGUARDED_AVAILABILITY = YES_AGGRESSIVE;
				CLANG_WARN_UNREACHABLE_CODE = YES;
				CLANG_WARN__DUPLICATE_METHOD_MATCH = YES;
				CODE_SIGN_IDENTITY = "iPhone Developer";
				COPY_PHASE_STRIP = NO;
				DEBUG_INFORMATION_FORMAT = "dwarf-with-dsym";
				ENABLE_NS_ASSERTIONS = NO;
				ENABLE_STRICT_OBJC_MSGSEND = YES;
				GCC_C_LANGUAGE_STANDARD = gnu11;
				GCC_NO_COMMON_BLOCKS = YES;
				GCC_WARN_64_TO_32_BIT_CONVERSION = YES;
				GCC_WARN_ABOUT_RETURN_TYPE = YES_ERROR;
				GCC_WARN_UNDECLARED_SELECTOR = YES;
				GCC_WARN_UNINITIALIZED_AUTOS = YES_AGGRESSIVE;
				GCC_WARN_UNUSED_FUNCTION = YES;
				GCC_WARN_UNUSED_VARIABLE = YES;
				IPHONEOS_DEPLOYMENT_TARGET = 12.0;
				MTL_ENABLE_DEBUG_INFO = NO;
				MTL_FAST_MATH = YES;
				SDKROOT = iphoneos;
				SWIFT_COMPILATION_MODE = wholemodule;
				SWIFT_OPTIMIZATION_LEVEL = "-O";
				VALIDATE_PRODUCT = YES;
			};
			name = Release;
		};
		FBCB45AE216FBD6100089508 /* Debug */ = {
			isa = XCBuildConfiguration;
			baseConfigurationReference = 76156A0F5791993D2FA8BB8F /* Pods-ASE_iOS.debug.xcconfig */;
			buildSettings = {
				ASSETCATALOG_COMPILER_APPICON_NAME = AppIcon;
				CODE_SIGN_STYLE = Automatic;
				DEVELOPMENT_TEAM = 56D56RFRE4;
				INFOPLIST_FILE = ASE_iOS/Info.plist;
				IPHONEOS_DEPLOYMENT_TARGET = 10;
				LD_RUNPATH_SEARCH_PATHS = (
					"$(inherited)",
					"@executable_path/Frameworks",
				);
				PRODUCT_BUNDLE_IDENTIFIER = "com.pun.ASE-iOS";
				PRODUCT_NAME = "$(TARGET_NAME)";
				SWIFT_VERSION = 4.2;
				TARGETED_DEVICE_FAMILY = "1,2";
			};
			name = Debug;
		};
		FBCB45AF216FBD6100089508 /* Release */ = {
			isa = XCBuildConfiguration;
			baseConfigurationReference = 90C521729CB937294CF3C987 /* Pods-ASE_iOS.release.xcconfig */;
			buildSettings = {
				ASSETCATALOG_COMPILER_APPICON_NAME = AppIcon;
				CODE_SIGN_STYLE = Automatic;
				DEVELOPMENT_TEAM = 56D56RFRE4;
				INFOPLIST_FILE = ASE_iOS/Info.plist;
				IPHONEOS_DEPLOYMENT_TARGET = 10;
				LD_RUNPATH_SEARCH_PATHS = (
					"$(inherited)",
					"@executable_path/Frameworks",
				);
				PRODUCT_BUNDLE_IDENTIFIER = "com.pun.ASE-iOS";
				PRODUCT_NAME = "$(TARGET_NAME)";
				SWIFT_VERSION = 4.2;
				TARGETED_DEVICE_FAMILY = "1,2";
			};
			name = Release;
		};
/* End XCBuildConfiguration section */

/* Begin XCConfigurationList section */
		FBCB4596216FBD5F00089508 /* Build configuration list for PBXProject "ASE_iOS" */ = {
			isa = XCConfigurationList;
			buildConfigurations = (
				FBCB45AB216FBD6100089508 /* Debug */,
				FBCB45AC216FBD6100089508 /* Release */,
			);
			defaultConfigurationIsVisible = 0;
			defaultConfigurationName = Release;
		};
		FBCB45AD216FBD6100089508 /* Build configuration list for PBXNativeTarget "ASE_iOS" */ = {
			isa = XCConfigurationList;
			buildConfigurations = (
				FBCB45AE216FBD6100089508 /* Debug */,
				FBCB45AF216FBD6100089508 /* Release */,
			);
			defaultConfigurationIsVisible = 0;
			defaultConfigurationName = Release;
		};
/* End XCConfigurationList section */
	};
	rootObject = FBCB4593216FBD5E00089508 /* Project object */;
}
